github.com/LiZhiqiang0/reflect2 v1.0.3 h1:53yOW456SEkcrwL7vS94go0PJL7naqcbomzvkxXQi+w=
github.com/LiZhiqiang0/reflect2 v1.0.3/go.mod h1:jqGSFt41f9UEzZEEKFRnu5LRYOdwJ6rZDJaHnm72jkk=
github.com/jinzhu/copier v0.4.0 h1:w3ciUoD19shMCRargcpm0cm91ytaBhDvuRpz1ODO/U8=
github.com/jinzhu/copier v0.4.0/go.mod h1:DfbEm0FYsaqBcKcFuvmOZb218JkPGtvSHsKg8S8hyyg=
